// !$*UTF8*$!
{
	archiveVersion = 1;
	classes = {
	};
	objectVersion = 56;
	objects = {

/* Begin PBXBuildFile section */
		DBB1DEE929F2BBE900E80279 /* AppDelegate.swift in Sources */ = {isa = PBXBuildFile; fileRef = DBB1DEE829F2BBE900E80279 /* AppDelegate.swift */; };
		DBB1DEEB29F2BBE900E80279 /* SceneDelegate.swift in Sources */ = {isa = PBXBuildFile; fileRef = DBB1DEEA29F2BBE900E80279 /* SceneDelegate.swift */; };
		DBB1DEED29F2BBE900E80279 /* ViewController.swift in Sources */ = {isa = PBXBuildFile; fileRef = DBB1DEEC29F2BBE900E80279 /* ViewController.swift */; };
		DBB1DEF029F2BBE900E80279 /* Main.storyboard in Resources */ = {isa = PBXBuildFile; fileRef = DBB1DEEE29F2BBE900E80279 /* Main.storyboard */; };
		DBB1DEF329F2BBE900E80279 /* for_repeat.xcdatamodeld in Sources */ = {isa = PBXBuildFile; fileRef = DBB1DEF129F2BBE900E80279 /* for_repeat.xcdatamodeld */; };
		DBB1DEF529F2BBEA00E80279 /* Assets.xcassets in Resources */ = {isa = PBXBuildFile; fileRef = DBB1DEF429F2BBEA00E80279 /* Assets.xcassets */; };
		DBB1DEF829F2BBEA00E80279 /* LaunchScreen.storyboard in Resources */ = {isa = PBXBuildFile; fileRef = DBB1DEF629F2BBEA00E80279 /* LaunchScreen.storyboard */; };
/* End PBXBuildFile section */

/* Begin PBXFileReference section */
		DBB1DEE529F2BBE900E80279 /* for-repeat.app */ = {isa = PBXFileReference; explicitFileType = wrapper.application; includeInIndex = 0; path = "for-repeat.app"; sourceTree = BUILT_PRODUCTS_DIR; };
		DBB1DEE829F2BBE900E80279 /* AppDelegate.swift */ = {isa = PBXFileReference; lastKnownFileType = sourcecode.swift; path = AppDelegate.swift; sourceTree = "<group>"; };
		DBB1DEEA29F2BBE900E80279 /* SceneDelegate.swift */ = {isa = PBXFileReference; lastKnownFileType = sourcecode.swift; path = SceneDelegate.swift; sourceTree = "<group>"; };
		DBB1DEEC29F2BBE900E80279 /* ViewController.swift */ = {isa = PBXFileReference; lastKnownFileType = sourcecode.swift; path = ViewController.swift; sourceTree = "<group>"; };
		DBB1DEEF29F2BBE900E80279 /* Base */ = {isa = PBXFileReference; lastKnownFileType = file.storyboard; name = Base; path = Base.lproj/Main.storyboard; sourceTree = "<group>"; };
		DBB1DEF229F2BBE900E80279 /* for_repeat.xcdatamodel */ = {isa = PBXFileReference; lastKnownFileType = wrapper.xcdatamodel; path = for_repeat.xcdatamodel; sourceTree = "<group>"; };
		DBB1DEF429F2BBEA00E80279 /* Assets.xcassets */ = {isa = PBXFileReference; lastKnownFileType = folder.assetcatalog; path = Assets.xcassets; sourceTree = "<group>"; };
		DBB1DEF729F2BBEA00E80279 /* Base */ = {isa = PBXFileReference; lastKnownFileType = file.storyboard; name = Base; path = Base.lproj/LaunchScreen.storyboard; sourceTree = "<group>"; };
		DBB1DEF929F2BBEA00E80279 /* Info.plist */ = {isa = PBXFileReference; lastKnownFileType = text.plist.xml; path = Info.plist; sourceTree = "<group>"; };
/* End PBXFileReference section */

/* Begin PBXFrameworksBuildPhase section */
		DBB1DEE229F2BBE900E80279 /* Frameworks */ = {
			isa = PBXFrameworksBuildPhase;
			buildActionMask = 2147483647;
			files = (
			);
			runOnlyForDeploymentPostprocessing = 0;
		};
/* End PBXFrameworksBuildPhase section */

/* Begin PBXGroup section */
		DBB1DEDC29F2BBE900E80279 = {
			isa = PBXGroup;
			children = (
				DBB1DEE729F2BBE900E80279 /* for-repeat */,
				DBB1DEE629F2BBE900E80279 /* Products */,
			);
			sourceTree = "<group>";
		};
		DBB1DEE629F2BBE900E80279 /* Products */ = {
			isa = PBXGroup;
			children = (
				DBB1DEE529F2BBE900E80279 /* for-repeat.app */,
			);
			name = Products;
			sourceTree = "<group>";
		};
		DBB1DEE729F2BBE900E80279 /* for-repeat */ = {
			isa = PBXGroup;
			children = (
				DBB1DEE829F2BBE900E80279 /* AppDelegate.swift */,
				DBB1DEEA29F2BBE900E80279 /* SceneDelegate.swift */,
				DBB1DEEC29F2BBE900E80279 /* ViewController.swift */,
				DBB1DEEE29F2BBE900E80279 /* Main.storyboard */,
				DBB1DEF429F2BBEA00E80279 /* Assets.xcassets */,
				DBB1DEF629F2BBEA00E80279 /* LaunchScreen.storyboard */,
				DBB1DEF929F2BBEA00E80279 /* Info.plist */,
				DBB1DEF129F2BBE900E80279 /* for_repeat.xcdatamodeld */,
			);
			path = "for-repeat";
			sourceTree = "<group>";
		};
/* End PBXGroup section */

/* Begin PBXNativeTarget section */
		DBB1DEE429F2BBE900E80279 /* for-repeat */ = {
			isa = PBXNativeTarget;
			buildConfigurationList = DBB1DEFC29F2BBEA00E80279 /* Build configuration list for PBXNativeTarget "for-repeat" */;
			buildPhases = (
				DBB1DEE129F2BBE900E80279 /* Sources */,
				DBB1DEE229F2BBE900E80279 /* Frameworks */,
				DBB1DEE329F2BBE900E80279 /* Resources */,
			);
			buildRules = (
			);
			dependencies = (
			);
			name = "for-repeat";
			productName = "for-repeat";
			productReference = DBB1DEE529F2BBE900E80279 /* for-repeat.app */;
			productType = "com.apple.product-type.application";
		};
/* End PBXNativeTarget section */

/* Begin PBXProject section */
		DBB1DEDD29F2BBE900E80279 /* Project object */ = {
			isa = PBXProject;
			attributes = {
				BuildIndependentTargetsInParallel = 1;
				LastSwiftUpdateCheck = 1430;
				LastUpgradeCheck = 1430;
				TargetAttributes = {
					DBB1DEE429F2BBE900E80279 = {
						CreatedOnToolsVersion = 14.3;
					};
				};
			};
			buildConfigurationList = DBB1DEE029F2BBE900E80279 /* Build configuration list for PBXProject "for-repeat" */;
			compatibilityVersion = "Xcode 14.0";
			developmentRegion = en;
			hasScannedForEncodings = 0;
			knownRegions = (
				en,
				Base,
			);
			mainGroup = DBB1DEDC29F2BBE900E80279;
			productRefGroup = DBB1DEE629F2BBE900E80279 /* Products */;
			projectDirPath = "";
			projectRoot = "";
			targets = (
				DBB1DEE429F2BBE900E80279 /* for-repeat */,
			);
		};
/* End PBXProject section */

/* Begin PBXResourcesBuildPhase section */
		DBB1DEE329F2BBE900E80279 /* Resources */ = {
			isa = PBXResourcesBuildPhase;
			buildActionMask = 2147483647;
			files = (
				DBB1DEF829F2BBEA00E80279 /* LaunchScreen.storyboard in Resources */,
				DBB1DEF529F2BBEA00E80279 /* Assets.xcassets in Resources */,
				DBB1DEF029F2BBE900E80279 /* Main.storyboard in Resources */,
			);
			runOnlyForDeploymentPostprocessing = 0;
		};
/* End PBXResourcesBuildPhase section */

/* Begin PBXSourcesBuildPhase section */
		DBB1DEE129F2BBE900E80279 /* Sources */ = {
			isa = PBXSourcesBuildPhase;
			buildActionMask = 2147483647;
			files = (
				DBB1DEED29F2BBE900E80279 /* ViewController.swift in Sources */,
				DBB1DEE929F2BBE900E80279 /* AppDelegate.swift in Sources */,
				DBB1DEF329F2BBE900E80279 /* for_repeat.xcdatamodeld in Sources */,
				DBB1DEEB29F2BBE900E80279 /* SceneDelegate.swift in Sources */,
			);
			runOnlyForDeploymentPostprocessing = 0;
		};
/* End PBXSourcesBuildPhase section */

/* Begin PBXVariantGroup section */
		DBB1DEEE29F2BBE900E80279 /* Main.storyboard */ = {
			isa = PBXVariantGroup;
			children = (
				DBB1DEEF29F2BBE900E80279 /* Base */,
			);
			name = Main.storyboard;
			sourceTree = "<group>";
		};
		DBB1DEF629F2BBEA00E80279 /* LaunchScreen.storyboard */ = {
			isa = PBXVariantGroup;
			children = (
				DBB1DEF729F2BBEA00E80279 /* Base */,
			);
			name = LaunchScreen.storyboard;
			sourceTree = "<group>";
		};
/* End PBXVariantGroup section */

/* Begin XCBuildConfiguration section */
		DBB1DEFA29F2BBEA00E80279 /* Debug */ = {
			isa = XCBuildConfiguration;
			buildSettings = {
				ALWAYS_SEARCH_USER_PATHS = NO;
				CLANG_ANALYZER_NONNULL = YES;
				CLANG_ANALYZER_NUMBER_OBJECT_CONVERSION = YES_AGGRESSIVE;
				CLANG_CXX_LANGUAGE_STANDARD = "gnu++20";
				CLANG_ENABLE_MODULES = YES;
				CLANG_ENABLE_OBJC_ARC = YES;
				CLANG_ENABLE_OBJC_WEAK = YES;
				CLANG_WARN_BLOCK_CAPTURE_AUTORELEASING = YES;
				CLANG_WARN_BOOL_CONVERSION = YES;
				CLANG_WARN_COMMA = YES;
				CLANG_WARN_CONSTANT_CONVERSION = YES;
				CLANG_WARN_DEPRECATED_OBJC_IMPLEMENTATIONS = YES;
				CLANG_WARN_DIRECT_OBJC_ISA_USAGE = YES_ERROR;
				CLANG_WARN_DOCUMENTATION_COMMENTS = YES;
				CLANG_WARN_EMPTY_BODY = YES;
				CLANG_WARN_ENUM_CONVERSION = YES;
				CLANG_WARN_INFINITE_RECURSION = YES;
				CLANG_WARN_INT_CONVERSION = YES;
				CLANG_WARN_NON_LITERAL_NULL_CONVERSION = YES;
				CLANG_WARN_OBJC_IMPLICIT_RETAIN_SELF = YES;
				CLANG_WARN_OBJC_LITERAL_CONVERSION = YES;
				CLANG_WARN_OBJC_ROOT_CLASS = YES_ERROR;
				CLANG_WARN_QUOTED_INCLUDE_IN_FRAMEWORK_HEADER = YES;
				CLANG_WARN_RANGE_LOOP_ANALYSIS = YES;
				CLANG_WARN_STRICT_PROTOTYPES = YES;
				CLANG_WARN_SUSPICIOUS_MOVE = YES;
				CLANG_WARN_UNGUARDED_AVAILABILITY = YES_AGGRESSIVE;
				CLANG_WARN_UNREACHABLE_CODE = YES;
				CLANG_WARN__DUPLICATE_METHOD_MATCH = YES;
				COPY_PHASE_STRIP = NO;
				DEBUG_INFORMATION_FORMAT = dwarf;
				ENABLE_STRICT_OBJC_MSGSEND = YES;
				ENABLE_TESTABILITY = YES;
				GCC_C_LANGUAGE_STANDARD = gnu11;
				GCC_DYNAMIC_NO_PIC = NO;
				GCC_NO_COMMON_BLOCKS = YES;
				GCC_OPTIMIZATION_LEVEL = 0;
				GCC_PREPROCESSOR_DEFINITIONS = (
					"DEBUG=1",
					"$(inherited)",
				);
				GCC_WARN_64_TO_32_BIT_CONVERSION = YES;
				GCC_WARN_ABOUT_RETURN_TYPE = YES_ERROR;
				GCC_WARN_UNDECLARED_SELECTOR = YES;
				GCC_WARN_UNINITIALIZED_AUTOS = YES_AGGRESSIVE;
				GCC_WARN_UNUSED_FUNCTION = YES;
				GCC_WARN_UNUSED_VARIABLE = YES;
				IPHONEOS_DEPLOYMENT_TARGET = 16.4;
				MTL_ENABLE_DEBUG_INFO = INCLUDE_SOURCE;
				MTL_FAST_MATH = YES;
				ONLY_ACTIVE_ARCH = YES;
				SDKROOT = iphoneos;
				SWIFT_ACTIVE_COMPILATION_CONDITIONS = DEBUG;
				SWIFT_OPTIMIZATION_LEVEL = "-Onone";
			};
			name = Debug;
		};
		DBB1DEFB29F2BBEA00E80279 /* Release */ = {
			isa = XCBuildConfiguration;
			buildSettings = {
				ALWAYS_SEARCH_USER_PATHS = NO;
				CLANG_ANALYZER_NONNULL = YES;
				CLANG_ANALYZER_NUMBER_OBJECT_CONVERSION = YES_AGGRESSIVE;
				CLANG_CXX_LANGUAGE_STANDARD = "gnu++20";
				CLANG_ENABLE_MODULES = YES;
				CLANG_ENABLE_OBJC_ARC = YES;
				CLANG_ENABLE_OBJC_WEAK = YES;
				CLANG_WARN_BLOCK_CAPTURE_AUTORELEASING = YES;
				CLANG_WARN_BOOL_CONVERSION = YES;
				CLANG_WARN_COMMA = YES;
				CLANG_WARN_CONSTANT_CONVERSION = YES;
				CLANG_WARN_DEPRECATED_OBJC_IMPLEMENTATIONS = YES;
				CLANG_WARN_DIRECT_OBJC_ISA_USAGE = YES_ERROR;
				CLANG_WARN_DOCUMENTATION_COMMENTS = YES;
				CLANG_WARN_EMPTY_BODY = YES;
				CLANG_WARN_ENUM_CONVERSION = YES;
				CLANG_WARN_INFINITE_RECURSION = YES;
				CLANG_WARN_INT_CONVERSION = YES;
				CLANG_WARN_NON_LITERAL_NULL_CONVERSION = YES;
				CLANG_WARN_OBJC_IMPLICIT_RETAIN_SELF = YES;
				CLANG_WARN_OBJC_LITERAL_CONVERSION = YES;
				CLANG_WARN_OBJC_ROOT_CLASS = YES_ERROR;
				CLANG_WARN_QUOTED_INCLUDE_IN_FRAMEWORK_HEADER = YES;
				CLANG_WARN_RANGE_LOOP_ANALYSIS = YES;
				CLANG_WARN_STRICT_PROTOTYPES = YES;
				CLANG_WARN_SUSPICIOUS_MOVE = YES;
				CLANG_WARN_UNGUARDED_AVAILABILITY = YES_AGGRESSIVE;
				CLANG_WARN_UNREACHABLE_CODE = YES;
				CLANG_WARN__DUPLICATE_METHOD_MATCH = YES;
				COPY_PHASE_STRIP = NO;
				DEBUG_INFORMATION_FORMAT = "dwarf-with-dsym";
				ENABLE_NS_ASSERTIONS = NO;
				ENABLE_STRICT_OBJC_MSGSEND = YES;
				GCC_C_LANGUAGE_STANDARD = gnu11;
				GCC_NO_COMMON_BLOCKS = YES;
				GCC_WARN_64_TO_32_BIT_CONVERSION = YES;
				GCC_WARN_ABOUT_RETURN_TYPE = YES_ERROR;
				GCC_WARN_UNDECLARED_SELECTOR = YES;
				GCC_WARN_UNINITIALIZED_AUTOS = YES_AGGRESSIVE;
				GCC_WARN_UNUSED_FUNCTION = YES;
				GCC_WARN_UNUSED_VARIABLE = YES;
				IPHONEOS_DEPLOYMENT_TARGET = 16.4;
				MTL_ENABLE_DEBUG_INFO = NO;
				MTL_FAST_MATH = YES;
				SDKROOT = iphoneos;
				SWIFT_COMPILATION_MODE = wholemodule;
				SWIFT_OPTIMIZATION_LEVEL = "-O";
				VALIDATE_PRODUCT = YES;
			};
			name = Release;
		};
		DBB1DEFD29F2BBEA00E80279 /* Debug */ = {
			isa = XCBuildConfiguration;
			buildSettings = {
				ASSETCATALOG_COMPILER_APPICON_NAME = AppIcon;
				ASSETCATALOG_COMPILER_GLOBAL_ACCENT_COLOR_NAME = AccentColor;
				CODE_SIGN_STYLE = Automatic;
				CURRENT_PROJECT_VERSION = 1;
				DEVELOPMENT_TEAM = 3PVD9G83G3;
				GENERATE_INFOPLIST_FILE = YES;
				INFOPLIST_FILE = "for-repeat/Info.plist";
				INFOPLIST_KEY_UIApplicationSupportsIndirectInputEvents = YES;
				INFOPLIST_KEY_UILaunchStoryboardName = LaunchScreen;
				INFOPLIST_KEY_UIMainStoryboardFile = Main;
				INFOPLIST_KEY_UISupportedInterfaceOrientations = UIInterfaceOrientationPortrait;
				INFOPLIST_KEY_UISupportedInterfaceOrientations_iPad = "UIInterfaceOrientationLandscapeLeft UIInterfaceOrientationLandscapeRight UIInterfaceOrientationPortrait UIInterfaceOrientationPortraitUpsideDown";
				LD_RUNPATH_SEARCH_PATHS = (
					"$(inherited)",
					"@executable_path/Frameworks",
				);
				MARKETING_VERSION = 1.0;
				PRODUCT_BUNDLE_IDENTIFIER = "io.github.hamidm9-for-repeat.for-repeat";
				PRODUCT_NAME = "$(TARGET_NAME)";
				SWIFT_EMIT_LOC_STRINGS = YES;
				SWIFT_VERSION = 5.0;
				TARGETED_DEVICE_FAMILY = "1,2";
			};
			name = Debug;
		};
		DBB1DEFE29F2BBEA00E80279 /* Release */ = {
			isa = XCBuildConfiguration;
			buildSettings = {
				ASSETCATALOG_COMPILER_APPICON_NAME = AppIcon;
				ASSETCATALOG_COMPILER_GLOBAL_ACCENT_COLOR_NAME = AccentColor;
				CODE_SIGN_STYLE = Automatic;
				CURRENT_PROJECT_VERSION = 1;
				DEVELOPMENT_TEAM = 3PVD9G83G3;
				GENERATE_INFOPLIST_FILE = YES;
				INFOPLIST_FILE = "for-repeat/Info.plist";
				INFOPLIST_KEY_UIApplicationSupportsIndirectInputEvents = YES;
				INFOPLIST_KEY_UILaunchStoryboardName = LaunchScreen;
				INFOPLIST_KEY_UIMainStoryboardFile = Main;
				INFOPLIST_KEY_UISupportedInterfaceOrientations = UIInterfaceOrientationPortrait;
				INFOPLIST_KEY_UISupportedInterfaceOrientations_iPad = "UIInterfaceOrientationLandscapeLeft UIInterfaceOrientationLandscapeRight UIInterfaceOrientationPortrait UIInterfaceOrientationPortraitUpsideDown";
				LD_RUNPATH_SEARCH_PATHS = (
					"$(inherited)",
					"@executable_path/Frameworks",
				);
				MARKETING_VERSION = 1.0;
				PRODUCT_BUNDLE_IDENTIFIER = "io.github.hamidm9-for-repeat.for-repeat";
				PRODUCT_NAME = "$(TARGET_NAME)";
				SWIFT_EMIT_LOC_STRINGS = YES;
				SWIFT_VERSION = 5.0;
				TARGETED_DEVICE_FAMILY = "1,2";
			};
			name = Release;
		};
/* End XCBuildConfiguration section */

/* Begin XCConfigurationList section */
		DBB1DEE029F2BBE900E80279 /* Build configuration list for PBXProject "for-repeat" */ = {
			isa = XCConfigurationList;
			buildConfigurations = (
				DBB1DEFA29F2BBEA00E80279 /* Debug */,
				DBB1DEFB29F2BBEA00E80279 /* Release */,
			);
			defaultConfigurationIsVisible = 0;
			defaultConfigurationName = Release;
		};
		DBB1DEFC29F2BBEA00E80279 /* Build configuration list for PBXNativeTarget "for-repeat" */ = {
			isa = XCConfigurationList;
			buildConfigurations = (
				DBB1DEFD29F2BBEA00E80279 /* Debug */,
				DBB1DEFE29F2BBEA00E80279 /* Release */,
			);
			defaultConfigurationIsVisible = 0;
			defaultConfigurationName = Release;
		};
/* End XCConfigurationList section */

/* Begin XCVersionGroup section */
		DBB1DEF129F2BBE900E80279 /* for_repeat.xcdatamodeld */ = {
			isa = XCVersionGroup;
			children = (
				DBB1DEF229F2BBE900E80279 /* for_repeat.xcdatamodel */,
			);
			currentVersion = DBB1DEF229F2BBE900E80279 /* for_repeat.xcdatamodel */;
			path = for_repeat.xcdatamodeld;
			sourceTree = "<group>";
			versionGroupType = wrapper.xcdatamodel;
		};
/* End XCVersionGroup section */
	};
	rootObject = DBB1DEDD29F2BBE900E80279 /* Project object */;
}
